
Microsoft Visual Studio Solution File, Format Version 12.00
# Visual Studio 14
VisualStudioVersion = 14.0.25420.1
MinimumVisualStudioVersion = 10.0.40219.1
Project("{8BC9CEB8-8B4A-11D0-8D11-00A0C91BC942}") = "YuanCheng", "YuanCheng\YuanCheng.vcxproj", "{214D5F32-8CC4-413B-ADA5-A8D7D67B69B4}"
EndProject
Project("{8BC9CEB8-8B4A-11D0-8D11-00A0C91BC942}") = "DuiLib_Static", "DuiLib\DuiLib_Static.vcxproj", "{C40EB64A-61D8-4C37-B3C1-E513DC3660CA}"
EndProject
Project("{8BC9CEB8-8B4A-11D0-8D11-00A0C91BC942}") = "DuiLib", "DuiLib\DuiLib.vcxproj", "{E106ACD7-4E53-4AEE-942B-D0DD426DB34E}"
EndProject
Global
	GlobalSection(SolutionConfigurationPlatforms) = preSolution
		Debug|Win32 = Debug|Win32
		Release|Win32 = Release|Win32
		UnicodeDebug|Win32 = UnicodeDebug|Win32
		UnicodeRelease|Win32 = UnicodeRelease|Win32
	EndGlobalSection
	GlobalSection(ProjectConfigurationPlatforms) = postSolution
		{214D5F32-8CC4-413B-ADA5-A8D7D67B69B4}.Debug|Win32.ActiveCfg = Debug|Win32
		{214D5F32-8CC4-413B-ADA5-A8D7D67B69B4}.Debug|Win32.Build.0 = Debug|Win32
		{214D5F32-8CC4-413B-ADA5-A8D7D67B69B4}.Release|Win32.ActiveCfg = Release|Win32
		{214D5F32-8CC4-413B-ADA5-A8D7D67B69B4}.Release|Win32.Build.0 = Release|Win32
		{214D5F32-8CC4-413B-ADA5-A8D7D67B69B4}.UnicodeDebug|Win32.ActiveCfg = Debug|Win32
		{214D5F32-8CC4-413B-ADA5-A8D7D67B69B4}.UnicodeDebug|Win32.Build.0 = Debug|Win32
		{214D5F32-8CC4-413B-ADA5-A8D7D67B69B4}.UnicodeRelease|Win32.ActiveCfg = Release|Win32
		{214D5F32-8CC4-413B-ADA5-A8D7D67B69B4}.UnicodeRelease|Win32.Build.0 = Release|Win32
		{C40EB64A-61D8-4C37-B3C1-E513DC3660CA}.Debug|Win32.ActiveCfg = Debug|Win32
		{C40EB64A-61D8-4C37-B3C1-E513DC3660CA}.Debug|Win32.Build.0 = Debug|Win32
		{C40EB64A-61D8-4C37-B3C1-E513DC3660CA}.Release|Win32.ActiveCfg = Release|Win32
		{C40EB64A-61D8-4C37-B3C1-E513DC3660CA}.Release|Win32.Build.0 = Release|Win32
		{C40EB64A-61D8-4C37-B3C1-E513DC3660CA}.UnicodeDebug|Win32.ActiveCfg = UnicodeDebug|Win32
		{C40EB64A-61D8-4C37-B3C1-E513DC3660CA}.UnicodeDebug|Win32.Build.0 = UnicodeDebug|Win32
		{C40EB64A-61D8-4C37-B3C1-E513DC3660CA}.UnicodeRelease|Win32.ActiveCfg = UnicodeRelease|Win32
		{C40EB64A-61D8-4C37-B3C1-E513DC3660CA}.UnicodeRelease|Win32.Build.0 = UnicodeRelease|Win32
		{E106ACD7-4E53-4AEE-942B-D0DD426DB34E}.Debug|Win32.ActiveCfg = Debug|Win32
		{E106ACD7-4E53-4AEE-942B-D0DD426DB34E}.Debug|Win32.Build.0 = Debug|Win32
		{E106ACD7-4E53-4AEE-942B-D0DD426DB34E}.Release|Win32.ActiveCfg = Release|Win32
		{E106ACD7-4E53-4AEE-942B-D0DD426DB34E}.Release|Win32.Build.0 = Release|Win32
		{E106ACD7-4E53-4AEE-942B-D0DD426DB34E}.UnicodeDebug|Win32.ActiveCfg = UnicodeDebug|Win32
		{E106ACD7-4E53-4AEE-942B-D0DD426DB34E}.UnicodeDebug|Win32.Build.0 = UnicodeDebug|Win32
		{E106ACD7-4E53-4AEE-942B-D0DD426DB34E}.UnicodeRelease|Win32.ActiveCfg = UnicodeRelease|Win32
		{E106ACD7-4E53-4AEE-942B-D0DD426DB34E}.UnicodeRelease|Win32.Build.0 = UnicodeRelease|Win32
	EndGlobalSection
	GlobalSection(SolutionProperties) = preSolution
		HideSolutionNode = FALSE
	EndGlobalSection
EndGlobal
