<?xml version="1.0" encoding="utf-8"?>
<Project ToolsVersion="4.0" xmlns="http://schemas.microsoft.com/developer/msbuild/2003">
  <ItemGroup>
    <Filter Include="源文件">
      <UniqueIdentifier>{4FC737F1-C7A5-4376-A066-2A32D752A2FF}</UniqueIdentifier>
      <Extensions>cpp;c;cc;cxx;def;odl;idl;hpj;bat;asm;asmx</Extensions>
    </Filter>
    <Filter Include="头文件">
      <UniqueIdentifier>{93995380-89BD-4b04-88EB-625FBE52EBFB}</UniqueIdentifier>
      <Extensions>h;hpp;hxx;hm;inl;inc;xsd</Extensions>
    </Filter>
    <Filter Include="资源文件">
      <UniqueIdentifier>{67DA6AB6-F800-4c08-8B7A-83BB121AAD01}</UniqueIdentifier>
      <Extensions>rc;ico;cur;bmp;dlg;rc2;rct;bin;rgs;gif;jpg;jpeg;jpe;resx;tiff;tif;png;wav;mfcribbon-ms</Extensions>
    </Filter>
    <Filter Include="头文件\Ui">
      <UniqueIdentifier>{c5a4358c-2f2a-421f-b74d-d5d527b24838}</UniqueIdentifier>
    </Filter>
    <Filter Include="源文件\Ui">
      <UniqueIdentifier>{ebe2fd9d-f56a-465b-83ba-6fad43d30609}</UniqueIdentifier>
    </Filter>
    <Filter Include="头文件\Model">
      <UniqueIdentifier>{6cde6a8c-af0a-4657-a6d1-5b0c17b46893}</UniqueIdentifier>
    </Filter>
    <Filter Include="头文件\Core">
      <UniqueIdentifier>{71228f16-644d-4830-a730-f8299847188d}</UniqueIdentifier>
    </Filter>
    <Filter Include="源文件\Model">
      <UniqueIdentifier>{5ccdbb7f-9435-464c-a98e-88a81d2c36bc}</UniqueIdentifier>
    </Filter>
    <Filter Include="源文件\Core">
      <UniqueIdentifier>{aebae6cd-311e-448a-9f8d-07cb86098356}</UniqueIdentifier>
    </Filter>
    <Filter Include="data">
      <UniqueIdentifier>{f7a75559-efbe-4633-9b8b-bd8dc9fb6ea2}</UniqueIdentifier>
    </Filter>
  </ItemGroup>
  <ItemGroup>
    <ClInclude Include="stdafx.h">
      <Filter>头文件</Filter>
    </ClInclude>
    <ClInclude Include="resource.h">
      <Filter>头文件</Filter>
    </ClInclude>
    <ClInclude Include="BaseWnd.h">
      <Filter>头文件\Ui</Filter>
    </ClInclude>
    <ClInclude Include="FrameWindowWnd.h">
      <Filter>头文件\Ui</Filter>
    </ClInclude>
    <ClInclude Include="InputWnd.h">
      <Filter>头文件\Ui</Filter>
    </ClInclude>
    <ClInclude Include="Db.h">
      <Filter>头文件\Model</Filter>
    </ClInclude>
    <ClInclude Include="FileIO.h">
      <Filter>头文件\Core</Filter>
    </ClInclude>
    <ClInclude Include="ListIp.h">
      <Filter>头文件\Ui</Filter>
    </ClInclude>
    <ClInclude Include="lock.h">
      <Filter>头文件\Core</Filter>
    </ClInclude>
    <ClInclude Include="MyLog.h">
      <Filter>头文件\Core</Filter>
    </ClInclude>
    <ClInclude Include="MyString.h">
      <Filter>头文件\Core</Filter>
    </ClInclude>
    <ClInclude Include="WndShadow.h">
      <Filter>头文件\Ui</Filter>
    </ClInclude>
  </ItemGroup>
  <ItemGroup>
    <ClCompile Include="main.cpp">
      <Filter>源文件</Filter>
    </ClCompile>
    <ClCompile Include="BaseWnd.cpp">
      <Filter>源文件\Ui</Filter>
    </ClCompile>
    <ClCompile Include="FrameWindowWnd.cpp">
      <Filter>源文件\Ui</Filter>
    </ClCompile>
    <ClCompile Include="InputWnd.cpp">
      <Filter>源文件\Ui</Filter>
    </ClCompile>
    <ClCompile Include="Db.cpp">
      <Filter>源文件\Model</Filter>
    </ClCompile>
    <ClCompile Include="FileIO.cpp">
      <Filter>源文件\Core</Filter>
    </ClCompile>
    <ClCompile Include="ListIp.cpp">
      <Filter>源文件\Ui</Filter>
    </ClCompile>
    <ClCompile Include="lock.cpp">
      <Filter>源文件\Core</Filter>
    </ClCompile>
    <ClCompile Include="MyLog.cpp">
      <Filter>源文件\Core</Filter>
    </ClCompile>
    <ClCompile Include="MyString.cpp">
      <Filter>源文件\Core</Filter>
    </ClCompile>
    <ClCompile Include="WndShadow.cpp">
      <Filter>源文件\Ui</Filter>
    </ClCompile>
  </ItemGroup>
  <ItemGroup>
    <ResourceCompile Include="YuanCheng.rc">
      <Filter>资源文件</Filter>
    </ResourceCompile>
  </ItemGroup>
  <ItemGroup>
    <Image Include="..\ico.ico">
      <Filter>资源文件</Filter>
    </Image>
  </ItemGroup>
  <ItemGroup>
    <None Include="ClassDiagram.cd" />
    <None Include="data\data.mdb">
      <Filter>data</Filter>
    </None>
  </ItemGroup>
</Project>